
Microsoft Visual Studio Solution File, Format Version 10.00
# Visual Studio 2008
Project("{F14B399A-7131-4C87-9E4B-1186C45EF12D}") = "EASYPOS_Reports", "EASYPOS_Reports\EASYPOS_Reports.rptproj", "{1501139B-4637-4D1C-B3D5-29A54A22D011}"
EndProject
Global
	GlobalSection(SolutionConfigurationPlatforms) = preSolution
		Debug|Default = Debug|Default
		DebugLocal|Default = DebugLocal|Default
		Release|Default = Release|Default
	EndGlobalSection
	GlobalSection(ProjectConfigurationPlatforms) = postSolution
		{1501139B-4637-4D1C-B3D5-29A54A22D011}.Debug|Default.ActiveCfg = Debug
		{1501139B-4637-4D1C-B3D5-29A54A22D011}.Debug|Default.Build.0 = DebugLocal
		{1501139B-4637-4D1C-B3D5-29A54A22D011}.Debug|Default.Deploy.0 = DebugLocal
		{1501139B-4637-4D1C-B3D5-29A54A22D011}.DebugLocal|Default.ActiveCfg = DebugLocal
		{1501139B-4637-4D1C-B3D5-29A54A22D011}.DebugLocal|Default.Build.0 = DebugLocal
		{1501139B-4637-4D1C-B3D5-29A54A22D011}.Release|Default.ActiveCfg = Release
		{1501139B-4637-4D1C-B3D5-29A54A22D011}.Release|Default.Build.0 = Release
		{1501139B-4637-4D1C-B3D5-29A54A22D011}.Release|Default.Deploy.0 = Release
	EndGlobalSection
	GlobalSection(SolutionProperties) = preSolution
		HideSolutionNode = FALSE
	EndGlobalSection
EndGlobal
